
Microsoft Visual Studio Solution File, Format Version 12.00
# Visual Studio Version 17
VisualStudioVersion = 17.0.31919.166
MinimumVisualStudioVersion = 10.0.40219.1
Project("{FAE04EC0-301F-11D3-BF4B-00C04F79EFBC}") = "Store surf shop", "Store surf shop\Store surf shop.csproj", "{DBAFC85B-646D-49D1-966E-9BE288B8CBE6}"
EndProject
Global
	GlobalSection(SolutionConfigurationPlatforms) = preSolution
		Debug|Any CPU = Debug|Any CPU
		Release|Any CPU = Release|Any CPU
	EndGlobalSection
	GlobalSection(ProjectConfigurationPlatforms) = postSolution
		{DBAFC85B-646D-49D1-966E-9BE288B8CBE6}.Debug|Any CPU.ActiveCfg = Debug|Any CPU
		{DBAFC85B-646D-49D1-966E-9BE288B8CBE6}.Debug|Any CPU.Build.0 = Debug|Any CPU
		{DBAFC85B-646D-49D1-966E-9BE288B8CBE6}.Release|Any CPU.ActiveCfg = Release|Any CPU
		{DBAFC85B-646D-49D1-966E-9BE288B8CBE6}.Release|Any CPU.Build.0 = Release|Any CPU
	EndGlobalSection
	GlobalSection(SolutionProperties) = preSolution
		HideSolutionNode = FALSE
	EndGlobalSection
	GlobalSection(ExtensibilityGlobals) = postSolution
		SolutionGuid = {D61639B1-59C4-4BFA-B0B8-73540136E7E1}
	EndGlobalSection
EndGlobal
