
Microsoft Visual Studio Solution File, Format Version 12.00
# Visual Studio Version 17
VisualStudioVersion = 17.0.31919.166
MinimumVisualStudioVersion = 10.0.40219.1
Project("{FAE04EC0-301F-11D3-BF4B-00C04F79EFBC}") = "surf shoop", "surf shoop\surf shoop.csproj", "{B809345B-28E6-4CA9-B8CD-619F833E24E1}"
EndProject
Global
	GlobalSection(SolutionConfigurationPlatforms) = preSolution
		Debug|Any CPU = Debug|Any CPU
		Release|Any CPU = Release|Any CPU
	EndGlobalSection
	GlobalSection(ProjectConfigurationPlatforms) = postSolution
		{B809345B-28E6-4CA9-B8CD-619F833E24E1}.Debug|Any CPU.ActiveCfg = Debug|Any CPU
		{B809345B-28E6-4CA9-B8CD-619F833E24E1}.Debug|Any CPU.Build.0 = Debug|Any CPU
		{B809345B-28E6-4CA9-B8CD-619F833E24E1}.Release|Any CPU.ActiveCfg = Release|Any CPU
		{B809345B-28E6-4CA9-B8CD-619F833E24E1}.Release|Any CPU.Build.0 = Release|Any CPU
	EndGlobalSection
	GlobalSection(SolutionProperties) = preSolution
		HideSolutionNode = FALSE
	EndGlobalSection
	GlobalSection(ExtensibilityGlobals) = postSolution
		SolutionGuid = {CF7726A7-44A6-4F17-B6A1-126760E6866C}
	EndGlobalSection
EndGlobal
