
Microsoft Visual Studio Solution File, Format Version 12.00
# Visual Studio Version 17
VisualStudioVersion = 17.0.31919.166
MinimumVisualStudioVersion = 10.0.40219.1
Project("{FAE04EC0-301F-11D3-BF4B-00C04F79EFBC}") = "telas_backup e restore", "telas_backup e restore\telas_backup e restore.csproj", "{59F741B2-6651-4118-A00B-FE211F0AFAE7}"
EndProject
Global
	GlobalSection(SolutionConfigurationPlatforms) = preSolution
		Debug|Any CPU = Debug|Any CPU
		Release|Any CPU = Release|Any CPU
	EndGlobalSection
	GlobalSection(ProjectConfigurationPlatforms) = postSolution
		{59F741B2-6651-4118-A00B-FE211F0AFAE7}.Debug|Any CPU.ActiveCfg = Debug|Any CPU
		{59F741B2-6651-4118-A00B-FE211F0AFAE7}.Debug|Any CPU.Build.0 = Debug|Any CPU
		{59F741B2-6651-4118-A00B-FE211F0AFAE7}.Release|Any CPU.ActiveCfg = Release|Any CPU
		{59F741B2-6651-4118-A00B-FE211F0AFAE7}.Release|Any CPU.Build.0 = Release|Any CPU
	EndGlobalSection
	GlobalSection(SolutionProperties) = preSolution
		HideSolutionNode = FALSE
	EndGlobalSection
	GlobalSection(ExtensibilityGlobals) = postSolution
		SolutionGuid = {CCE44CB3-A426-4B76-80C8-7617E1F4E325}
	EndGlobalSection
EndGlobal
